
Microsoft Visual Studio Solution File, Format Version 12.00
# Visual Studio Version 17
VisualStudioVersion = 17.0.31903.59
MinimumVisualStudioVersion = 10.0.40219.1
Project("{FAE04EC0-301F-11D3-BF4B-00C04F79EFBC}") = "IrcParserNet", "IrcParserNet\IrcParserNet.csproj", "{C898E488-72B1-469F-88F8-6AA551873175}"
EndProject
Project("{FAE04EC0-301F-11D3-BF4B-00C04F79EFBC}") = "IrcParserNet.Tests", "IrcParserNet.Tests\IrcParserNet.Tests.csproj", "{3EC97972-146C-49C4-AE61-FE6F39EA9B35}"
EndProject
Global
	GlobalSection(SolutionConfigurationPlatforms) = preSolution
		Debug|Any CPU = Debug|Any CPU
		Release|Any CPU = Release|Any CPU
	EndGlobalSection
	GlobalSection(SolutionProperties) = preSolution
		HideSolutionNode = FALSE
	EndGlobalSection
	GlobalSection(ProjectConfigurationPlatforms) = postSolution
		{C898E488-72B1-469F-88F8-6AA551873175}.Debug|Any CPU.ActiveCfg = Debug|Any CPU
		{C898E488-72B1-469F-88F8-6AA551873175}.Debug|Any CPU.Build.0 = Debug|Any CPU
		{C898E488-72B1-469F-88F8-6AA551873175}.Release|Any CPU.ActiveCfg = Release|Any CPU
		{C898E488-72B1-469F-88F8-6AA551873175}.Release|Any CPU.Build.0 = Release|Any CPU
		{3EC97972-146C-49C4-AE61-FE6F39EA9B35}.Debug|Any CPU.ActiveCfg = Debug|Any CPU
		{3EC97972-146C-49C4-AE61-FE6F39EA9B35}.Debug|Any CPU.Build.0 = Debug|Any CPU
		{3EC97972-146C-49C4-AE61-FE6F39EA9B35}.Release|Any CPU.ActiveCfg = Release|Any CPU
		{3EC97972-146C-49C4-AE61-FE6F39EA9B35}.Release|Any CPU.Build.0 = Release|Any CPU
	EndGlobalSection
EndGlobal
